
Microsoft Visual Studio Solution File, Format Version 12.00
# Visual Studio Version 17
VisualStudioVersion = 17.7.34202.233
MinimumVisualStudioVersion = 10.0.40219.1
Project("{FAE04EC0-301F-11D3-BF4B-00C04F79EFBC}") = "ChatAplikacijaNiOP", "ChatAplikacijaNiOP\ChatAplikacijaNiOP.csproj", "{9300B2FF-5648-4895-AE71-D316EE2ECCA9}"
EndProject
Global
	GlobalSection(SolutionConfigurationPlatforms) = preSolution
		Debug|Any CPU = Debug|Any CPU
		Release|Any CPU = Release|Any CPU
	EndGlobalSection
	GlobalSection(ProjectConfigurationPlatforms) = postSolution
		{9300B2FF-5648-4895-AE71-D316EE2ECCA9}.Debug|Any CPU.ActiveCfg = Debug|Any CPU
		{9300B2FF-5648-4895-AE71-D316EE2ECCA9}.Debug|Any CPU.Build.0 = Debug|Any CPU
		{9300B2FF-5648-4895-AE71-D316EE2ECCA9}.Release|Any CPU.ActiveCfg = Release|Any CPU
		{9300B2FF-5648-4895-AE71-D316EE2ECCA9}.Release|Any CPU.Build.0 = Release|Any CPU
	EndGlobalSection
	GlobalSection(SolutionProperties) = preSolution
		HideSolutionNode = FALSE
	EndGlobalSection
	GlobalSection(ExtensibilityGlobals) = postSolution
		SolutionGuid = {CF5D553A-4636-40EC-9A67-F7805BC7D02E}
	EndGlobalSection
EndGlobal
